
Microsoft Visual Studio Solution File, Format Version 12.00
# Visual Studio 15
VisualStudioVersion = 15.0.28307.1259
MinimumVisualStudioVersion = 10.0.40219.1
Project("{FAE04EC0-301F-11D3-BF4B-00C04F79EFBC}") = "threadDelegatte", "threadDelegatte\threadDelegatte.csproj", "{EF14EFB1-1500-4214-AAE6-7AC5FDE6E69E}"
EndProject
Global
	GlobalSection(SolutionConfigurationPlatforms) = preSolution
		Debug|Any CPU = Debug|Any CPU
		Release|Any CPU = Release|Any CPU
	EndGlobalSection
	GlobalSection(ProjectConfigurationPlatforms) = postSolution
		{EF14EFB1-1500-4214-AAE6-7AC5FDE6E69E}.Debug|Any CPU.ActiveCfg = Debug|Any CPU
		{EF14EFB1-1500-4214-AAE6-7AC5FDE6E69E}.Debug|Any CPU.Build.0 = Debug|Any CPU
		{EF14EFB1-1500-4214-AAE6-7AC5FDE6E69E}.Release|Any CPU.ActiveCfg = Release|Any CPU
		{EF14EFB1-1500-4214-AAE6-7AC5FDE6E69E}.Release|Any CPU.Build.0 = Release|Any CPU
	EndGlobalSection
	GlobalSection(SolutionProperties) = preSolution
		HideSolutionNode = FALSE
	EndGlobalSection
	GlobalSection(ExtensibilityGlobals) = postSolution
		SolutionGuid = {0D6483C6-C668-4AC4-9013-F0C4DE4B42D5}
	EndGlobalSection
EndGlobal
